{
  "name": "@mds-core/mds-identity",
  "version": "0.0.11",
  "lockfileVersion": 1,
  "requires": true,
  "dependencies": {
    "@types/expect.js": {
      "version": "0.3.29",
      "resolved": "https://registry.npmjs.org/@types/expect.js/-/expect.js-0.3.29.tgz",
      "integrity": "sha1-KN01kVW4S47LCUr8P0t0wyItyjs=",
      "dev": true
    }
  }
}
